// !$*UTF8*$!
{
	archiveVersion = 1;
	classes = {
	};
	objectVersion = 46;
	objects = {

/* Begin PBXBuildFile section */
		84E64CE91754922100765F3D /* UIKit.framework in Frameworks */ = {isa = PBXBuildFile; fileRef = 84E64CE81754922100765F3D /* UIKit.framework */; };
		84E64CEB1754922100765F3D /* Foundation.framework in Frameworks */ = {isa = PBXBuildFile; fileRef = 84E64CEA1754922100765F3D /* Foundation.framework */; };
		84E64CED1754922100765F3D /* CoreGraphics.framework in Frameworks */ = {isa = PBXBuildFile; fileRef = 84E64CEC1754922100765F3D /* CoreGraphics.framework */; };
		84E64CF31754922100765F3D /* InfoPlist.strings in Resources */ = {isa = PBXBuildFile; fileRef = 84E64CF11754922100765F3D /* InfoPlist.strings */; };
		84E64CF51754922100765F3D /* main.m in Sources */ = {isa = PBXBuildFile; fileRef = 84E64CF41754922100765F3D /* main.m */; };
		84E64CF91754922100765F3D /* AppDelegate.m in Sources */ = {isa = PBXBuildFile; fileRef = 84E64CF81754922100765F3D /* AppDelegate.m */; };
		84E64CFB1754922100765F3D /* Default.png in Resources */ = {isa = PBXBuildFile; fileRef = 84E64CFA1754922100765F3D /* Default.png */; };
		84E64CFD1754922100765F3D /* Default@2x.png in Resources */ = {isa = PBXBuildFile; fileRef = 84E64CFC1754922100765F3D /* Default@2x.png */; };
		84E64CFF1754922100765F3D /* Default-568h@2x.png in Resources */ = {isa = PBXBuildFile; fileRef = 84E64CFE1754922100765F3D /* Default-568h@2x.png */; };
		84E64D021754922100765F3D /* ViewController.m in Sources */ = {isa = PBXBuildFile; fileRef = 84E64D011754922100765F3D /* ViewController.m */; };
		84E64D051754922100765F3D /* ViewController.xib in Resources */ = {isa = PBXBuildFile; fileRef = 84E64D031754922100765F3D /* ViewController.xib */; };
/* End PBXBuildFile section */

/* Begin PBXFileReference section */
		84E64CE51754922100765F3D /* YouTaoShop.app */ = {isa = PBXFileReference; explicitFileType = wrapper.application; includeInIndex = 0; path = YouTaoShop.app; sourceTree = BUILT_PRODUCTS_DIR; };
		84E64CE81754922100765F3D /* UIKit.framework */ = {isa = PBXFileReference; lastKnownFileType = wrapper.framework; name = UIKit.framework; path = System/Library/Frameworks/UIKit.framework; sourceTree = SDKROOT; };
		84E64CEA1754922100765F3D /* Foundation.framework */ = {isa = PBXFileReference; lastKnownFileType = wrapper.framework; name = Foundation.framework; path = System/Library/Frameworks/Foundation.framework; sourceTree = SDKROOT; };
		84E64CEC1754922100765F3D /* CoreGraphics.framework */ = {isa = PBXFileReference; lastKnownFileType = wrapper.framework; name = CoreGraphics.framework; path = System/Library/Frameworks/CoreGraphics.framework; sourceTree = SDKROOT; };
		84E64CF01754922100765F3D /* YouTaoShop-Info.plist */ = {isa = PBXFileReference; lastKnownFileType = text.plist.xml; path = "YouTaoShop-Info.plist"; sourceTree = "<group>"; };
		84E64CF21754922100765F3D /* en */ = {isa = PBXFileReference; lastKnownFileType = text.plist.strings; name = en; path = en.lproj/InfoPlist.strings; sourceTree = "<group>"; };
		84E64CF41754922100765F3D /* main.m */ = {isa = PBXFileReference; lastKnownFileType = sourcecode.c.objc; path = main.m; sourceTree = "<group>"; };
		84E64CF61754922100765F3D /* YouTaoShop-Prefix.pch */ = {isa = PBXFileReference; lastKnownFileType = sourcecode.c.h; path = "YouTaoShop-Prefix.pch"; sourceTree = "<group>"; };
		84E64CF71754922100765F3D /* AppDelegate.h */ = {isa = PBXFileReference; lastKnownFileType = sourcecode.c.h; path = AppDelegate.h; sourceTree = "<group>"; };
		84E64CF81754922100765F3D /* AppDelegate.m */ = {isa = PBXFileReference; lastKnownFileType = sourcecode.c.objc; path = AppDelegate.m; sourceTree = "<group>"; };
		84E64CFA1754922100765F3D /* Default.png */ = {isa = PBXFileReference; lastKnownFileType = image.png; path = Default.png; sourceTree = "<group>"; };
		84E64CFC1754922100765F3D /* Default@2x.png */ = {isa = PBXFileReference; lastKnownFileType = image.png; path = "Default@2x.png"; sourceTree = "<group>"; };
		84E64CFE1754922100765F3D /* Default-568h@2x.png */ = {isa = PBXFileReference; lastKnownFileType = image.png; path = "Default-568h@2x.png"; sourceTree = "<group>"; };
		84E64D001754922100765F3D /* ViewController.h */ = {isa = PBXFileReference; lastKnownFileType = sourcecode.c.h; path = ViewController.h; sourceTree = "<group>"; };
		84E64D011754922100765F3D /* ViewController.m */ = {isa = PBXFileReference; lastKnownFileType = sourcecode.c.objc; path = ViewController.m; sourceTree = "<group>"; };
		84E64D041754922100765F3D /* en */ = {isa = PBXFileReference; lastKnownFileType = file.xib; name = en; path = en.lproj/ViewController.xib; sourceTree = "<group>"; };
/* End PBXFileReference section */

/* Begin PBXFrameworksBuildPhase section */
		84E64CE21754922100765F3D /* Frameworks */ = {
			isa = PBXFrameworksBuildPhase;
			buildActionMask = 2147483647;
			files = (
				84E64CE91754922100765F3D /* UIKit.framework in Frameworks */,
				84E64CEB1754922100765F3D /* Foundation.framework in Frameworks */,
				84E64CED1754922100765F3D /* CoreGraphics.framework in Frameworks */,
			);
			runOnlyForDeploymentPostprocessing = 0;
		};
/* End PBXFrameworksBuildPhase section */

/* Begin PBXGroup section */
		84E64CDC1754922100765F3D = {
			isa = PBXGroup;
			children = (
				84E64CEE1754922100765F3D /* YouTaoShop */,
				84E64CE71754922100765F3D /* Frameworks */,
				84E64CE61754922100765F3D /* Products */,
			);
			sourceTree = "<group>";
		};
		84E64CE61754922100765F3D /* Products */ = {
			isa = PBXGroup;
			children = (
				84E64CE51754922100765F3D /* YouTaoShop.app */,
			);
			name = Products;
			sourceTree = "<group>";
		};
		84E64CE71754922100765F3D /* Frameworks */ = {
			isa = PBXGroup;
			children = (
				84E64CE81754922100765F3D /* UIKit.framework */,
				84E64CEA1754922100765F3D /* Foundation.framework */,
				84E64CEC1754922100765F3D /* CoreGraphics.framework */,
			);
			name = Frameworks;
			sourceTree = "<group>";
		};
		84E64CEE1754922100765F3D /* YouTaoShop */ = {
			isa = PBXGroup;
			children = (
				84E64CF71754922100765F3D /* AppDelegate.h */,
				84E64CF81754922100765F3D /* AppDelegate.m */,
				84E64D001754922100765F3D /* ViewController.h */,
				84E64D011754922100765F3D /* ViewController.m */,
				84E64D031754922100765F3D /* ViewController.xib */,
				84E64CEF1754922100765F3D /* Supporting Files */,
			);
			path = YouTaoShop;
			sourceTree = "<group>";
		};
		84E64CEF1754922100765F3D /* Supporting Files */ = {
			isa = PBXGroup;
			children = (
				84E64CF01754922100765F3D /* YouTaoShop-Info.plist */,
				84E64CF11754922100765F3D /* InfoPlist.strings */,
				84E64CF41754922100765F3D /* main.m */,
				84E64CF61754922100765F3D /* YouTaoShop-Prefix.pch */,
				84E64CFA1754922100765F3D /* Default.png */,
				84E64CFC1754922100765F3D /* Default@2x.png */,
				84E64CFE1754922100765F3D /* Default-568h@2x.png */,
			);
			name = "Supporting Files";
			sourceTree = "<group>";
		};
/* End PBXGroup section */

/* Begin PBXNativeTarget section */
		84E64CE41754922100765F3D /* YouTaoShop */ = {
			isa = PBXNativeTarget;
			buildConfigurationList = 84E64D081754922100765F3D /* Build configuration list for PBXNativeTarget "YouTaoShop" */;
			buildPhases = (
				84E64CE11754922100765F3D /* Sources */,
				84E64CE21754922100765F3D /* Frameworks */,
				84E64CE31754922100765F3D /* Resources */,
			);
			buildRules = (
			);
			dependencies = (
			);
			name = YouTaoShop;
			productName = YouTaoShop;
			productReference = 84E64CE51754922100765F3D /* YouTaoShop.app */;
			productType = "com.apple.product-type.application";
		};
/* End PBXNativeTarget section */

/* Begin PBXProject section */
		84E64CDD1754922100765F3D /* Project object */ = {
			isa = PBXProject;
			attributes = {
				LastUpgradeCheck = 0460;
				ORGANIZATIONNAME = jiangwei.wu;
			};
			buildConfigurationList = 84E64CE01754922100765F3D /* Build configuration list for PBXProject "YouTaoShop" */;
			compatibilityVersion = "Xcode 3.2";
			developmentRegion = English;
			hasScannedForEncodings = 0;
			knownRegions = (
				en,
			);
			mainGroup = 84E64CDC1754922100765F3D;
			productRefGroup = 84E64CE61754922100765F3D /* Products */;
			projectDirPath = "";
			projectRoot = "";
			targets = (
				84E64CE41754922100765F3D /* YouTaoShop */,
			);
		};
/* End PBXProject section */

/* Begin PBXResourcesBuildPhase section */
		84E64CE31754922100765F3D /* Resources */ = {
			isa = PBXResourcesBuildPhase;
			buildActionMask = 2147483647;
			files = (
				84E64CF31754922100765F3D /* InfoPlist.strings in Resources */,
				84E64CFB1754922100765F3D /* Default.png in Resources */,
				84E64CFD1754922100765F3D /* Default@2x.png in Resources */,
				84E64CFF1754922100765F3D /* Default-568h@2x.png in Resources */,
				84E64D051754922100765F3D /* ViewController.xib in Resources */,
			);
			runOnlyForDeploymentPostprocessing = 0;
		};
/* End PBXResourcesBuildPhase section */

/* Begin PBXSourcesBuildPhase section */
		84E64CE11754922100765F3D /* Sources */ = {
			isa = PBXSourcesBuildPhase;
			buildActionMask = 2147483647;
			files = (
				84E64CF51754922100765F3D /* main.m in Sources */,
				84E64CF91754922100765F3D /* AppDelegate.m in Sources */,
				84E64D021754922100765F3D /* ViewController.m in Sources */,
			);
			runOnlyForDeploymentPostprocessing = 0;
		};
/* End PBXSourcesBuildPhase section */

/* Begin PBXVariantGroup section */
		84E64CF11754922100765F3D /* InfoPlist.strings */ = {
			isa = PBXVariantGroup;
			children = (
				84E64CF21754922100765F3D /* en */,
			);
			name = InfoPlist.strings;
			sourceTree = "<group>";
		};
		84E64D031754922100765F3D /* ViewController.xib */ = {
			isa = PBXVariantGroup;
			children = (
				84E64D041754922100765F3D /* en */,
			);
			name = ViewController.xib;
			sourceTree = "<group>";
		};
/* End PBXVariantGroup section */

/* Begin XCBuildConfiguration section */
		84E64D061754922100765F3D /* Debug */ = {
			isa = XCBuildConfiguration;
			buildSettings = {
				ALWAYS_SEARCH_USER_PATHS = NO;
				CLANG_CXX_LANGUAGE_STANDARD = "gnu++0x";
				CLANG_CXX_LIBRARY = "libc++";
				CLANG_WARN_CONSTANT_CONVERSION = YES;
				CLANG_WARN_EMPTY_BODY = YES;
				CLANG_WARN_ENUM_CONVERSION = YES;
				CLANG_WARN_INT_CONVERSION = YES;
				CLANG_WARN__DUPLICATE_METHOD_MATCH = YES;
				"CODE_SIGN_IDENTITY[sdk=iphoneos*]" = "iPhone Developer";
				COPY_PHASE_STRIP = NO;
				GCC_C_LANGUAGE_STANDARD = gnu99;
				GCC_DYNAMIC_NO_PIC = NO;
				GCC_OPTIMIZATION_LEVEL = 0;
				GCC_PREPROCESSOR_DEFINITIONS = (
					"DEBUG=1",
					"$(inherited)",
				);
				GCC_SYMBOLS_PRIVATE_EXTERN = NO;
				GCC_WARN_ABOUT_RETURN_TYPE = YES;
				GCC_WARN_UNINITIALIZED_AUTOS = YES;
				GCC_WARN_UNUSED_VARIABLE = YES;
				IPHONEOS_DEPLOYMENT_TARGET = 6.1;
				ONLY_ACTIVE_ARCH = YES;
				SDKROOT = iphoneos;
			};
			name = Debug;
		};
		84E64D071754922100765F3D /* Release */ = {
			isa = XCBuildConfiguration;
			buildSettings = {
				ALWAYS_SEARCH_USER_PATHS = NO;
				CLANG_CXX_LANGUAGE_STANDARD = "gnu++0x";
				CLANG_CXX_LIBRARY = "libc++";
				CLANG_WARN_CONSTANT_CONVERSION = YES;
				CLANG_WARN_EMPTY_BODY = YES;
				CLANG_WARN_ENUM_CONVERSION = YES;
				CLANG_WARN_INT_CONVERSION = YES;
				CLANG_WARN__DUPLICATE_METHOD_MATCH = YES;
				"CODE_SIGN_IDENTITY[sdk=iphoneos*]" = "iPhone Developer";
				COPY_PHASE_STRIP = YES;
				GCC_C_LANGUAGE_STANDARD = gnu99;
				GCC_WARN_ABOUT_RETURN_TYPE = YES;
				GCC_WARN_UNINITIALIZED_AUTOS = YES;
				GCC_WARN_UNUSED_VARIABLE = YES;
				IPHONEOS_DEPLOYMENT_TARGET = 6.1;
				OTHER_CFLAGS = "-DNS_BLOCK_ASSERTIONS=1";
				SDKROOT = iphoneos;
				VALIDATE_PRODUCT = YES;
			};
			name = Release;
		};
		84E64D091754922100765F3D /* Debug */ = {
			isa = XCBuildConfiguration;
			buildSettings = {
				GCC_PRECOMPILE_PREFIX_HEADER = YES;
				GCC_PREFIX_HEADER = "YouTaoShop/YouTaoShop-Prefix.pch";
				INFOPLIST_FILE = "YouTaoShop/YouTaoShop-Info.plist";
				PRODUCT_NAME = "$(TARGET_NAME)";
				WRAPPER_EXTENSION = app;
			};
			name = Debug;
		};
		84E64D0A1754922100765F3D /* Release */ = {
			isa = XCBuildConfiguration;
			buildSettings = {
				GCC_PRECOMPILE_PREFIX_HEADER = YES;
				GCC_PREFIX_HEADER = "YouTaoShop/YouTaoShop-Prefix.pch";
				INFOPLIST_FILE = "YouTaoShop/YouTaoShop-Info.plist";
				PRODUCT_NAME = "$(TARGET_NAME)";
				WRAPPER_EXTENSION = app;
			};
			name = Release;
		};
/* End XCBuildConfiguration section */

/* Begin XCConfigurationList section */
		84E64CE01754922100765F3D /* Build configuration list for PBXProject "YouTaoShop" */ = {
			isa = XCConfigurationList;
			buildConfigurations = (
				84E64D061754922100765F3D /* Debug */,
				84E64D071754922100765F3D /* Release */,
			);
			defaultConfigurationIsVisible = 0;
			defaultConfigurationName = Release;
		};
		84E64D081754922100765F3D /* Build configuration list for PBXNativeTarget "YouTaoShop" */ = {
			isa = XCConfigurationList;
			buildConfigurations = (
				84E64D091754922100765F3D /* Debug */,
				84E64D0A1754922100765F3D /* Release */,
			);
			defaultConfigurationIsVisible = 0;
		};
/* End XCConfigurationList section */
	};
	rootObject = 84E64CDD1754922100765F3D /* Project object */;
}
