// !$*UTF8*$!
{
	archiveVersion = 1;
	classes = {
	};
	objectVersion = 46;
	objects = {

/* Begin PBXBuildFile section */
		63A9B117170C03F000CB311A /* libTOPIOSSdk.s.a in Frameworks */ = {isa = PBXBuildFile; fileRef = 63A9B116170C03F000CB311A /* libTOPIOSSdk.s.a */; };
		63A9B119170C051D00CB311A /* CFNetwork.framework in Frameworks */ = {isa = PBXBuildFile; fileRef = 63A9B118170C051D00CB311A /* CFNetwork.framework */; };
		63A9B11B170C053800CB311A /* SystemConfiguration.framework in Frameworks */ = {isa = PBXBuildFile; fileRef = 63A9B11A170C053800CB311A /* SystemConfiguration.framework */; };
		63A9B11D170C071100CB311A /* libz.dylib in Frameworks */ = {isa = PBXBuildFile; fileRef = 63A9B11C170C071100CB311A /* libz.dylib */; };
		F6884D671671D6F500C38FCD /* UIKit.framework in Frameworks */ = {isa = PBXBuildFile; fileRef = F6884D661671D6F500C38FCD /* UIKit.framework */; };
		F6884D691671D6F500C38FCD /* Foundation.framework in Frameworks */ = {isa = PBXBuildFile; fileRef = F6884D681671D6F500C38FCD /* Foundation.framework */; };
		F6884D6B1671D6F500C38FCD /* CoreGraphics.framework in Frameworks */ = {isa = PBXBuildFile; fileRef = F6884D6A1671D6F500C38FCD /* CoreGraphics.framework */; };
		F6884D711671D6F500C38FCD /* InfoPlist.strings in Resources */ = {isa = PBXBuildFile; fileRef = F6884D6F1671D6F500C38FCD /* InfoPlist.strings */; };
		F6884D731671D6F500C38FCD /* main.m in Sources */ = {isa = PBXBuildFile; fileRef = F6884D721671D6F500C38FCD /* main.m */; };
		F6884D771671D6F500C38FCD /* TopAppDelegate.m in Sources */ = {isa = PBXBuildFile; fileRef = F6884D761671D6F500C38FCD /* TopAppDelegate.m */; };
		F6884D791671D6F500C38FCD /* Default.png in Resources */ = {isa = PBXBuildFile; fileRef = F6884D781671D6F500C38FCD /* Default.png */; };
		F6884D7B1671D6F500C38FCD /* Default@2x.png in Resources */ = {isa = PBXBuildFile; fileRef = F6884D7A1671D6F500C38FCD /* Default@2x.png */; };
		F6884D7D1671D6F500C38FCD /* Default-568h@2x.png in Resources */ = {isa = PBXBuildFile; fileRef = F6884D7C1671D6F500C38FCD /* Default-568h@2x.png */; };
		F6884D801671D6F500C38FCD /* TopViewController.m in Sources */ = {isa = PBXBuildFile; fileRef = F6884D7F1671D6F500C38FCD /* TopViewController.m */; };
		F6884D831671D6F500C38FCD /* TopViewController.xib in Resources */ = {isa = PBXBuildFile; fileRef = F6884D811671D6F500C38FCD /* TopViewController.xib */; };
		F6884D8A1671D7FB00C38FCD /* libTOPIOSSdk.a in Frameworks */ = {isa = PBXBuildFile; fileRef = F6884D891671D7FB00C38FCD /* libTOPIOSSdk.a */; };
		F6884D921671DA7900C38FCD /* barImg.bundle in Resources */ = {isa = PBXBuildFile; fileRef = F6884D911671DA7900C38FCD /* barImg.bundle */; };
/* End PBXBuildFile section */

/* Begin PBXFileReference section */
		63A9B116170C03F000CB311A /* libTOPIOSSdk.s.a */ = {isa = PBXFileReference; lastKnownFileType = archive.ar; path = libTOPIOSSdk.s.a; sourceTree = "<group>"; };
		63A9B118170C051D00CB311A /* CFNetwork.framework */ = {isa = PBXFileReference; lastKnownFileType = wrapper.framework; name = CFNetwork.framework; path = System/Library/Frameworks/CFNetwork.framework; sourceTree = SDKROOT; };
		63A9B11A170C053800CB311A /* SystemConfiguration.framework */ = {isa = PBXFileReference; lastKnownFileType = wrapper.framework; name = SystemConfiguration.framework; path = System/Library/Frameworks/SystemConfiguration.framework; sourceTree = SDKROOT; };
		63A9B11C170C071100CB311A /* libz.dylib */ = {isa = PBXFileReference; lastKnownFileType = "compiled.mach-o.dylib"; name = libz.dylib; path = usr/lib/libz.dylib; sourceTree = SDKROOT; };
		63A9B11F170C07EF00CB311A /* TopBridgeWebview.h */ = {isa = PBXFileReference; fileEncoding = 4; lastKnownFileType = sourcecode.c.h; path = TopBridgeWebview.h; sourceTree = "<group>"; };
		F6884D621671D6F500C38FCD /* toolbarDemo.app */ = {isa = PBXFileReference; explicitFileType = wrapper.application; includeInIndex = 0; path = toolbarDemo.app; sourceTree = BUILT_PRODUCTS_DIR; };
		F6884D661671D6F500C38FCD /* UIKit.framework */ = {isa = PBXFileReference; lastKnownFileType = wrapper.framework; name = UIKit.framework; path = System/Library/Frameworks/UIKit.framework; sourceTree = SDKROOT; };
		F6884D681671D6F500C38FCD /* Foundation.framework */ = {isa = PBXFileReference; lastKnownFileType = wrapper.framework; name = Foundation.framework; path = System/Library/Frameworks/Foundation.framework; sourceTree = SDKROOT; };
		F6884D6A1671D6F500C38FCD /* CoreGraphics.framework */ = {isa = PBXFileReference; lastKnownFileType = wrapper.framework; name = CoreGraphics.framework; path = System/Library/Frameworks/CoreGraphics.framework; sourceTree = SDKROOT; };
		F6884D6E1671D6F500C38FCD /* toolbarDemo-Info.plist */ = {isa = PBXFileReference; lastKnownFileType = text.plist.xml; path = "toolbarDemo-Info.plist"; sourceTree = "<group>"; };
		F6884D701671D6F500C38FCD /* en */ = {isa = PBXFileReference; lastKnownFileType = text.plist.strings; name = en; path = en.lproj/InfoPlist.strings; sourceTree = "<group>"; };
		F6884D721671D6F500C38FCD /* main.m */ = {isa = PBXFileReference; lastKnownFileType = sourcecode.c.objc; path = main.m; sourceTree = "<group>"; };
		F6884D741671D6F500C38FCD /* toolbarDemo-Prefix.pch */ = {isa = PBXFileReference; lastKnownFileType = sourcecode.c.h; path = "toolbarDemo-Prefix.pch"; sourceTree = "<group>"; };
		F6884D751671D6F500C38FCD /* TopAppDelegate.h */ = {isa = PBXFileReference; lastKnownFileType = sourcecode.c.h; path = TopAppDelegate.h; sourceTree = "<group>"; };
		F6884D761671D6F500C38FCD /* TopAppDelegate.m */ = {isa = PBXFileReference; lastKnownFileType = sourcecode.c.objc; path = TopAppDelegate.m; sourceTree = "<group>"; };
		F6884D781671D6F500C38FCD /* Default.png */ = {isa = PBXFileReference; lastKnownFileType = image.png; path = Default.png; sourceTree = "<group>"; };
		F6884D7A1671D6F500C38FCD /* Default@2x.png */ = {isa = PBXFileReference; lastKnownFileType = image.png; path = "Default@2x.png"; sourceTree = "<group>"; };
		F6884D7C1671D6F500C38FCD /* Default-568h@2x.png */ = {isa = PBXFileReference; lastKnownFileType = image.png; path = "Default-568h@2x.png"; sourceTree = "<group>"; };
		F6884D7E1671D6F500C38FCD /* TopViewController.h */ = {isa = PBXFileReference; lastKnownFileType = sourcecode.c.h; path = TopViewController.h; sourceTree = "<group>"; };
		F6884D7F1671D6F500C38FCD /* TopViewController.m */ = {isa = PBXFileReference; lastKnownFileType = sourcecode.c.objc; path = TopViewController.m; sourceTree = "<group>"; };
		F6884D821671D6F500C38FCD /* en */ = {isa = PBXFileReference; lastKnownFileType = file.xib; name = en; path = en.lproj/TopViewController.xib; sourceTree = "<group>"; };
		F6884D891671D7FB00C38FCD /* libTOPIOSSdk.a */ = {isa = PBXFileReference; lastKnownFileType = archive.ar; path = libTOPIOSSdk.a; sourceTree = "<group>"; };
		F6884D8B1671D81900C38FCD /* TopToolBar.h */ = {isa = PBXFileReference; fileEncoding = 4; lastKnownFileType = sourcecode.c.h; path = TopToolBar.h; sourceTree = "<group>"; };
		F6884D911671DA7900C38FCD /* barImg.bundle */ = {isa = PBXFileReference; lastKnownFileType = "wrapper.plug-in"; path = barImg.bundle; sourceTree = "<group>"; };
/* End PBXFileReference section */

/* Begin PBXFrameworksBuildPhase section */
		F6884D5F1671D6F500C38FCD /* Frameworks */ = {
			isa = PBXFrameworksBuildPhase;
			buildActionMask = 2147483647;
			files = (
				63A9B11D170C071100CB311A /* libz.dylib in Frameworks */,
				63A9B11B170C053800CB311A /* SystemConfiguration.framework in Frameworks */,
				63A9B119170C051D00CB311A /* CFNetwork.framework in Frameworks */,
				F6884D671671D6F500C38FCD /* UIKit.framework in Frameworks */,
				F6884D691671D6F500C38FCD /* Foundation.framework in Frameworks */,
				F6884D6B1671D6F500C38FCD /* CoreGraphics.framework in Frameworks */,
				F6884D8A1671D7FB00C38FCD /* libTOPIOSSdk.a in Frameworks */,
				63A9B117170C03F000CB311A /* libTOPIOSSdk.s.a in Frameworks */,
			);
			runOnlyForDeploymentPostprocessing = 0;
		};
/* End PBXFrameworksBuildPhase section */

/* Begin PBXGroup section */
		F6884D571671D6F500C38FCD = {
			isa = PBXGroup;
			children = (
				F6884D6C1671D6F500C38FCD /* toolbarDemo */,
				F6884D651671D6F500C38FCD /* Frameworks */,
				F6884D631671D6F500C38FCD /* Products */,
			);
			sourceTree = "<group>";
		};
		F6884D631671D6F500C38FCD /* Products */ = {
			isa = PBXGroup;
			children = (
				F6884D621671D6F500C38FCD /* toolbarDemo.app */,
			);
			name = Products;
			sourceTree = "<group>";
		};
		F6884D651671D6F500C38FCD /* Frameworks */ = {
			isa = PBXGroup;
			children = (
				63A9B11C170C071100CB311A /* libz.dylib */,
				63A9B11A170C053800CB311A /* SystemConfiguration.framework */,
				63A9B118170C051D00CB311A /* CFNetwork.framework */,
				F6884D661671D6F500C38FCD /* UIKit.framework */,
				F6884D681671D6F500C38FCD /* Foundation.framework */,
				F6884D6A1671D6F500C38FCD /* CoreGraphics.framework */,
			);
			name = Frameworks;
			sourceTree = "<group>";
		};
		F6884D6C1671D6F500C38FCD /* toolbarDemo */ = {
			isa = PBXGroup;
			children = (
				F6884D9D1671DFC500C38FCD /* bar */,
				F6884D751671D6F500C38FCD /* TopAppDelegate.h */,
				F6884D761671D6F500C38FCD /* TopAppDelegate.m */,
				F6884D7E1671D6F500C38FCD /* TopViewController.h */,
				F6884D7F1671D6F500C38FCD /* TopViewController.m */,
				F6884D811671D6F500C38FCD /* TopViewController.xib */,
				F6884D6D1671D6F500C38FCD /* Supporting Files */,
			);
			path = toolbarDemo;
			sourceTree = "<group>";
		};
		F6884D6D1671D6F500C38FCD /* Supporting Files */ = {
			isa = PBXGroup;
			children = (
				F6884D6E1671D6F500C38FCD /* toolbarDemo-Info.plist */,
				F6884D6F1671D6F500C38FCD /* InfoPlist.strings */,
				F6884D721671D6F500C38FCD /* main.m */,
				F6884D741671D6F500C38FCD /* toolbarDemo-Prefix.pch */,
				F6884D781671D6F500C38FCD /* Default.png */,
				F6884D7A1671D6F500C38FCD /* Default@2x.png */,
				F6884D7C1671D6F500C38FCD /* Default-568h@2x.png */,
			);
			name = "Supporting Files";
			sourceTree = "<group>";
		};
		F6884D9D1671DFC500C38FCD /* bar */ = {
			isa = PBXGroup;
			children = (
				63A9B11F170C07EF00CB311A /* TopBridgeWebview.h */,
				F6884D911671DA7900C38FCD /* barImg.bundle */,
				F6884D8B1671D81900C38FCD /* TopToolBar.h */,
				F6884D891671D7FB00C38FCD /* libTOPIOSSdk.a */,
				63A9B116170C03F000CB311A /* libTOPIOSSdk.s.a */,
			);
			name = bar;
			sourceTree = "<group>";
		};
/* End PBXGroup section */

/* Begin PBXNativeTarget section */
		F6884D611671D6F500C38FCD /* toolbarDemo */ = {
			isa = PBXNativeTarget;
			buildConfigurationList = F6884D861671D6F500C38FCD /* Build configuration list for PBXNativeTarget "toolbarDemo" */;
			buildPhases = (
				F6884D5E1671D6F500C38FCD /* Sources */,
				F6884D5F1671D6F500C38FCD /* Frameworks */,
				F6884D601671D6F500C38FCD /* Resources */,
			);
			buildRules = (
			);
			dependencies = (
			);
			name = toolbarDemo;
			productName = toolbarDemo;
			productReference = F6884D621671D6F500C38FCD /* toolbarDemo.app */;
			productType = "com.apple.product-type.application";
		};
/* End PBXNativeTarget section */

/* Begin PBXProject section */
		F6884D591671D6F500C38FCD /* Project object */ = {
			isa = PBXProject;
			attributes = {
				CLASSPREFIX = Top;
				LastUpgradeCheck = 0450;
				ORGANIZATIONNAME = lihao;
			};
			buildConfigurationList = F6884D5C1671D6F500C38FCD /* Build configuration list for PBXProject "toolbarDemo" */;
			compatibilityVersion = "Xcode 3.2";
			developmentRegion = English;
			hasScannedForEncodings = 0;
			knownRegions = (
				en,
			);
			mainGroup = F6884D571671D6F500C38FCD;
			productRefGroup = F6884D631671D6F500C38FCD /* Products */;
			projectDirPath = "";
			projectRoot = "";
			targets = (
				F6884D611671D6F500C38FCD /* toolbarDemo */,
			);
		};
/* End PBXProject section */

/* Begin PBXResourcesBuildPhase section */
		F6884D601671D6F500C38FCD /* Resources */ = {
			isa = PBXResourcesBuildPhase;
			buildActionMask = 2147483647;
			files = (
				F6884D711671D6F500C38FCD /* InfoPlist.strings in Resources */,
				F6884D791671D6F500C38FCD /* Default.png in Resources */,
				F6884D7B1671D6F500C38FCD /* Default@2x.png in Resources */,
				F6884D7D1671D6F500C38FCD /* Default-568h@2x.png in Resources */,
				F6884D831671D6F500C38FCD /* TopViewController.xib in Resources */,
				F6884D921671DA7900C38FCD /* barImg.bundle in Resources */,
			);
			runOnlyForDeploymentPostprocessing = 0;
		};
/* End PBXResourcesBuildPhase section */

/* Begin PBXSourcesBuildPhase section */
		F6884D5E1671D6F500C38FCD /* Sources */ = {
			isa = PBXSourcesBuildPhase;
			buildActionMask = 2147483647;
			files = (
				F6884D731671D6F500C38FCD /* main.m in Sources */,
				F6884D771671D6F500C38FCD /* TopAppDelegate.m in Sources */,
				F6884D801671D6F500C38FCD /* TopViewController.m in Sources */,
			);
			runOnlyForDeploymentPostprocessing = 0;
		};
/* End PBXSourcesBuildPhase section */

/* Begin PBXVariantGroup section */
		F6884D6F1671D6F500C38FCD /* InfoPlist.strings */ = {
			isa = PBXVariantGroup;
			children = (
				F6884D701671D6F500C38FCD /* en */,
			);
			name = InfoPlist.strings;
			sourceTree = "<group>";
		};
		F6884D811671D6F500C38FCD /* TopViewController.xib */ = {
			isa = PBXVariantGroup;
			children = (
				F6884D821671D6F500C38FCD /* en */,
			);
			name = TopViewController.xib;
			sourceTree = "<group>";
		};
/* End PBXVariantGroup section */

/* Begin XCBuildConfiguration section */
		F6884D841671D6F500C38FCD /* Debug */ = {
			isa = XCBuildConfiguration;
			buildSettings = {
				ALWAYS_SEARCH_USER_PATHS = NO;
				CLANG_CXX_LANGUAGE_STANDARD = "gnu++0x";
				CLANG_CXX_LIBRARY = "libc++";
				CLANG_WARN_EMPTY_BODY = YES;
				CLANG_WARN__DUPLICATE_METHOD_MATCH = YES;
				"CODE_SIGN_IDENTITY[sdk=iphoneos*]" = "iPhone Developer";
				COPY_PHASE_STRIP = NO;
				GCC_C_LANGUAGE_STANDARD = gnu99;
				GCC_DYNAMIC_NO_PIC = NO;
				GCC_OPTIMIZATION_LEVEL = 0;
				GCC_PREPROCESSOR_DEFINITIONS = (
					"DEBUG=1",
					"$(inherited)",
				);
				GCC_SYMBOLS_PRIVATE_EXTERN = NO;
				GCC_WARN_ABOUT_RETURN_TYPE = YES;
				GCC_WARN_UNINITIALIZED_AUTOS = YES;
				GCC_WARN_UNUSED_VARIABLE = YES;
				IPHONEOS_DEPLOYMENT_TARGET = 6.0;
				ONLY_ACTIVE_ARCH = YES;
				SDKROOT = iphoneos;
			};
			name = Debug;
		};
		F6884D851671D6F500C38FCD /* Release */ = {
			isa = XCBuildConfiguration;
			buildSettings = {
				ALWAYS_SEARCH_USER_PATHS = NO;
				CLANG_CXX_LANGUAGE_STANDARD = "gnu++0x";
				CLANG_CXX_LIBRARY = "libc++";
				CLANG_WARN_EMPTY_BODY = YES;
				CLANG_WARN__DUPLICATE_METHOD_MATCH = YES;
				"CODE_SIGN_IDENTITY[sdk=iphoneos*]" = "iPhone Developer";
				COPY_PHASE_STRIP = YES;
				GCC_C_LANGUAGE_STANDARD = gnu99;
				GCC_WARN_ABOUT_RETURN_TYPE = YES;
				GCC_WARN_UNINITIALIZED_AUTOS = YES;
				GCC_WARN_UNUSED_VARIABLE = YES;
				IPHONEOS_DEPLOYMENT_TARGET = 6.0;
				OTHER_CFLAGS = "-DNS_BLOCK_ASSERTIONS=1";
				SDKROOT = iphoneos;
				VALIDATE_PRODUCT = YES;
			};
			name = Release;
		};
		F6884D871671D6F500C38FCD /* Debug */ = {
			isa = XCBuildConfiguration;
			buildSettings = {
				GCC_PRECOMPILE_PREFIX_HEADER = YES;
				GCC_PREFIX_HEADER = "toolbarDemo/toolbarDemo-Prefix.pch";
				INFOPLIST_FILE = "toolbarDemo/toolbarDemo-Info.plist";
				LIBRARY_SEARCH_PATHS = (
					"$(inherited)",
					"\"$(SRCROOT)/toolbarDemo\"",
				);
				PRODUCT_NAME = "$(TARGET_NAME)";
				WRAPPER_EXTENSION = app;
			};
			name = Debug;
		};
		F6884D881671D6F500C38FCD /* Release */ = {
			isa = XCBuildConfiguration;
			buildSettings = {
				GCC_PRECOMPILE_PREFIX_HEADER = YES;
				GCC_PREFIX_HEADER = "toolbarDemo/toolbarDemo-Prefix.pch";
				INFOPLIST_FILE = "toolbarDemo/toolbarDemo-Info.plist";
				LIBRARY_SEARCH_PATHS = (
					"$(inherited)",
					"\"$(SRCROOT)/toolbarDemo\"",
				);
				PRODUCT_NAME = "$(TARGET_NAME)";
				WRAPPER_EXTENSION = app;
			};
			name = Release;
		};
/* End XCBuildConfiguration section */

/* Begin XCConfigurationList section */
		F6884D5C1671D6F500C38FCD /* Build configuration list for PBXProject "toolbarDemo" */ = {
			isa = XCConfigurationList;
			buildConfigurations = (
				F6884D841671D6F500C38FCD /* Debug */,
				F6884D851671D6F500C38FCD /* Release */,
			);
			defaultConfigurationIsVisible = 0;
			defaultConfigurationName = Release;
		};
		F6884D861671D6F500C38FCD /* Build configuration list for PBXNativeTarget "toolbarDemo" */ = {
			isa = XCConfigurationList;
			buildConfigurations = (
				F6884D871671D6F500C38FCD /* Debug */,
				F6884D881671D6F500C38FCD /* Release */,
			);
			defaultConfigurationIsVisible = 0;
			defaultConfigurationName = Release;
		};
/* End XCConfigurationList section */
	};
	rootObject = F6884D591671D6F500C38FCD /* Project object */;
}
