// !$*UTF8*$!
{
	archiveVersion = 1;
	classes = {
	};
	objectVersion = 46;
	objects = {

/* Begin PBXBuildFile section */
		F60FE5E71670FC9100071F11 /* UIKit.framework in Frameworks */ = {isa = PBXBuildFile; fileRef = F60FE5E61670FC9100071F11 /* UIKit.framework */; };
		F60FE5E91670FC9100071F11 /* Foundation.framework in Frameworks */ = {isa = PBXBuildFile; fileRef = F60FE5E81670FC9100071F11 /* Foundation.framework */; };
		F60FE5EB1670FC9100071F11 /* CoreGraphics.framework in Frameworks */ = {isa = PBXBuildFile; fileRef = F60FE5EA1670FC9100071F11 /* CoreGraphics.framework */; };
		F60FE5F11670FC9100071F11 /* InfoPlist.strings in Resources */ = {isa = PBXBuildFile; fileRef = F60FE5EF1670FC9100071F11 /* InfoPlist.strings */; };
		F60FE5F31670FC9100071F11 /* main.m in Sources */ = {isa = PBXBuildFile; fileRef = F60FE5F21670FC9100071F11 /* main.m */; };
		F60FE5F71670FC9100071F11 /* TopAppDelegate.m in Sources */ = {isa = PBXBuildFile; fileRef = F60FE5F61670FC9100071F11 /* TopAppDelegate.m */; };
		F60FE5F91670FC9100071F11 /* Default.png in Resources */ = {isa = PBXBuildFile; fileRef = F60FE5F81670FC9100071F11 /* Default.png */; };
		F60FE5FB1670FC9100071F11 /* Default@2x.png in Resources */ = {isa = PBXBuildFile; fileRef = F60FE5FA1670FC9100071F11 /* Default@2x.png */; };
		F60FE5FD1670FC9100071F11 /* Default-568h@2x.png in Resources */ = {isa = PBXBuildFile; fileRef = F60FE5FC1670FC9100071F11 /* Default-568h@2x.png */; };
		F60FE6001670FC9100071F11 /* TopViewController.m in Sources */ = {isa = PBXBuildFile; fileRef = F60FE5FF1670FC9100071F11 /* TopViewController.m */; };
		F60FE6031670FC9100071F11 /* TopViewController.xib in Resources */ = {isa = PBXBuildFile; fileRef = F60FE6011670FC9100071F11 /* TopViewController.xib */; };
		F6884E1516720D2E00C38FCD /* libTOPIOSSdk.a in Frameworks */ = {isa = PBXBuildFile; fileRef = F6884E1416720D2E00C38FCD /* libTOPIOSSdk.a */; };
/* End PBXBuildFile section */

/* Begin PBXFileReference section */
		F60FE5E21670FC9100071F11 /* brigedemo.app */ = {isa = PBXFileReference; explicitFileType = wrapper.application; includeInIndex = 0; path = brigedemo.app; sourceTree = BUILT_PRODUCTS_DIR; };
		F60FE5E61670FC9100071F11 /* UIKit.framework */ = {isa = PBXFileReference; lastKnownFileType = wrapper.framework; name = UIKit.framework; path = System/Library/Frameworks/UIKit.framework; sourceTree = SDKROOT; };
		F60FE5E81670FC9100071F11 /* Foundation.framework */ = {isa = PBXFileReference; lastKnownFileType = wrapper.framework; name = Foundation.framework; path = System/Library/Frameworks/Foundation.framework; sourceTree = SDKROOT; };
		F60FE5EA1670FC9100071F11 /* CoreGraphics.framework */ = {isa = PBXFileReference; lastKnownFileType = wrapper.framework; name = CoreGraphics.framework; path = System/Library/Frameworks/CoreGraphics.framework; sourceTree = SDKROOT; };
		F60FE5EE1670FC9100071F11 /* brigedemo-Info.plist */ = {isa = PBXFileReference; lastKnownFileType = text.plist.xml; path = "brigedemo-Info.plist"; sourceTree = "<group>"; };
		F60FE5F01670FC9100071F11 /* en */ = {isa = PBXFileReference; lastKnownFileType = text.plist.strings; name = en; path = en.lproj/InfoPlist.strings; sourceTree = "<group>"; };
		F60FE5F21670FC9100071F11 /* main.m */ = {isa = PBXFileReference; lastKnownFileType = sourcecode.c.objc; path = main.m; sourceTree = "<group>"; };
		F60FE5F41670FC9100071F11 /* brigedemo-Prefix.pch */ = {isa = PBXFileReference; lastKnownFileType = sourcecode.c.h; path = "brigedemo-Prefix.pch"; sourceTree = "<group>"; };
		F60FE5F51670FC9100071F11 /* TopAppDelegate.h */ = {isa = PBXFileReference; lastKnownFileType = sourcecode.c.h; path = TopAppDelegate.h; sourceTree = "<group>"; };
		F60FE5F61670FC9100071F11 /* TopAppDelegate.m */ = {isa = PBXFileReference; lastKnownFileType = sourcecode.c.objc; path = TopAppDelegate.m; sourceTree = "<group>"; };
		F60FE5F81670FC9100071F11 /* Default.png */ = {isa = PBXFileReference; lastKnownFileType = image.png; path = Default.png; sourceTree = "<group>"; };
		F60FE5FA1670FC9100071F11 /* Default@2x.png */ = {isa = PBXFileReference; lastKnownFileType = image.png; path = "Default@2x.png"; sourceTree = "<group>"; };
		F60FE5FC1670FC9100071F11 /* Default-568h@2x.png */ = {isa = PBXFileReference; lastKnownFileType = image.png; path = "Default-568h@2x.png"; sourceTree = "<group>"; };
		F60FE5FE1670FC9100071F11 /* TopViewController.h */ = {isa = PBXFileReference; lastKnownFileType = sourcecode.c.h; path = TopViewController.h; sourceTree = "<group>"; };
		F60FE5FF1670FC9100071F11 /* TopViewController.m */ = {isa = PBXFileReference; lastKnownFileType = sourcecode.c.objc; path = TopViewController.m; sourceTree = "<group>"; };
		F60FE6021670FC9100071F11 /* en */ = {isa = PBXFileReference; lastKnownFileType = file.xib; name = en; path = en.lproj/TopViewController.xib; sourceTree = "<group>"; };
		F6884E1316720D2E00C38FCD /* TopBridgeWebview.h */ = {isa = PBXFileReference; fileEncoding = 4; lastKnownFileType = sourcecode.c.h; path = TopBridgeWebview.h; sourceTree = "<group>"; };
		F6884E1416720D2E00C38FCD /* libTOPIOSSdk.a */ = {isa = PBXFileReference; lastKnownFileType = archive.ar; path = libTOPIOSSdk.a; sourceTree = "<group>"; };
/* End PBXFileReference section */

/* Begin PBXFrameworksBuildPhase section */
		F60FE5DF1670FC9100071F11 /* Frameworks */ = {
			isa = PBXFrameworksBuildPhase;
			buildActionMask = 2147483647;
			files = (
				F60FE5E71670FC9100071F11 /* UIKit.framework in Frameworks */,
				F60FE5E91670FC9100071F11 /* Foundation.framework in Frameworks */,
				F60FE5EB1670FC9100071F11 /* CoreGraphics.framework in Frameworks */,
				F6884E1516720D2E00C38FCD /* libTOPIOSSdk.a in Frameworks */,
			);
			runOnlyForDeploymentPostprocessing = 0;
		};
/* End PBXFrameworksBuildPhase section */

/* Begin PBXGroup section */
		F60FE5D71670FC9100071F11 = {
			isa = PBXGroup;
			children = (
				F60FE5EC1670FC9100071F11 /* brigedemo */,
				F60FE5E51670FC9100071F11 /* Frameworks */,
				F60FE5E31670FC9100071F11 /* Products */,
			);
			sourceTree = "<group>";
		};
		F60FE5E31670FC9100071F11 /* Products */ = {
			isa = PBXGroup;
			children = (
				F60FE5E21670FC9100071F11 /* brigedemo.app */,
			);
			name = Products;
			sourceTree = "<group>";
		};
		F60FE5E51670FC9100071F11 /* Frameworks */ = {
			isa = PBXGroup;
			children = (
				F60FE5E61670FC9100071F11 /* UIKit.framework */,
				F60FE5E81670FC9100071F11 /* Foundation.framework */,
				F60FE5EA1670FC9100071F11 /* CoreGraphics.framework */,
			);
			name = Frameworks;
			sourceTree = "<group>";
		};
		F60FE5EC1670FC9100071F11 /* brigedemo */ = {
			isa = PBXGroup;
			children = (
				F60FE60A1670FCF000071F11 /* ios sdk */,
				F60FE5F51670FC9100071F11 /* TopAppDelegate.h */,
				F60FE5F61670FC9100071F11 /* TopAppDelegate.m */,
				F60FE5FE1670FC9100071F11 /* TopViewController.h */,
				F60FE5FF1670FC9100071F11 /* TopViewController.m */,
				F60FE6011670FC9100071F11 /* TopViewController.xib */,
				F60FE5ED1670FC9100071F11 /* Supporting Files */,
			);
			path = brigedemo;
			sourceTree = "<group>";
		};
		F60FE5ED1670FC9100071F11 /* Supporting Files */ = {
			isa = PBXGroup;
			children = (
				F60FE5EE1670FC9100071F11 /* brigedemo-Info.plist */,
				F60FE5EF1670FC9100071F11 /* InfoPlist.strings */,
				F60FE5F21670FC9100071F11 /* main.m */,
				F60FE5F41670FC9100071F11 /* brigedemo-Prefix.pch */,
				F60FE5F81670FC9100071F11 /* Default.png */,
				F60FE5FA1670FC9100071F11 /* Default@2x.png */,
				F60FE5FC1670FC9100071F11 /* Default-568h@2x.png */,
			);
			name = "Supporting Files";
			sourceTree = "<group>";
		};
		F60FE60A1670FCF000071F11 /* ios sdk */ = {
			isa = PBXGroup;
			children = (
				F6884E1316720D2E00C38FCD /* TopBridgeWebview.h */,
				F6884E1416720D2E00C38FCD /* libTOPIOSSdk.a */,
			);
			name = "ios sdk";
			sourceTree = "<group>";
		};
/* End PBXGroup section */

/* Begin PBXNativeTarget section */
		F60FE5E11670FC9100071F11 /* brigedemo */ = {
			isa = PBXNativeTarget;
			buildConfigurationList = F60FE6061670FC9100071F11 /* Build configuration list for PBXNativeTarget "brigedemo" */;
			buildPhases = (
				F60FE5DE1670FC9100071F11 /* Sources */,
				F60FE5DF1670FC9100071F11 /* Frameworks */,
				F60FE5E01670FC9100071F11 /* Resources */,
			);
			buildRules = (
			);
			dependencies = (
			);
			name = brigedemo;
			productName = brigedemo;
			productReference = F60FE5E21670FC9100071F11 /* brigedemo.app */;
			productType = "com.apple.product-type.application";
		};
/* End PBXNativeTarget section */

/* Begin PBXProject section */
		F60FE5D91670FC9100071F11 /* Project object */ = {
			isa = PBXProject;
			attributes = {
				CLASSPREFIX = Top;
				LastUpgradeCheck = 0450;
				ORGANIZATIONNAME = lihao;
			};
			buildConfigurationList = F60FE5DC1670FC9100071F11 /* Build configuration list for PBXProject "brigedemo" */;
			compatibilityVersion = "Xcode 3.2";
			developmentRegion = English;
			hasScannedForEncodings = 0;
			knownRegions = (
				en,
			);
			mainGroup = F60FE5D71670FC9100071F11;
			productRefGroup = F60FE5E31670FC9100071F11 /* Products */;
			projectDirPath = "";
			projectRoot = "";
			targets = (
				F60FE5E11670FC9100071F11 /* brigedemo */,
			);
		};
/* End PBXProject section */

/* Begin PBXResourcesBuildPhase section */
		F60FE5E01670FC9100071F11 /* Resources */ = {
			isa = PBXResourcesBuildPhase;
			buildActionMask = 2147483647;
			files = (
				F60FE5F11670FC9100071F11 /* InfoPlist.strings in Resources */,
				F60FE5F91670FC9100071F11 /* Default.png in Resources */,
				F60FE5FB1670FC9100071F11 /* Default@2x.png in Resources */,
				F60FE5FD1670FC9100071F11 /* Default-568h@2x.png in Resources */,
				F60FE6031670FC9100071F11 /* TopViewController.xib in Resources */,
			);
			runOnlyForDeploymentPostprocessing = 0;
		};
/* End PBXResourcesBuildPhase section */

/* Begin PBXSourcesBuildPhase section */
		F60FE5DE1670FC9100071F11 /* Sources */ = {
			isa = PBXSourcesBuildPhase;
			buildActionMask = 2147483647;
			files = (
				F60FE5F31670FC9100071F11 /* main.m in Sources */,
				F60FE5F71670FC9100071F11 /* TopAppDelegate.m in Sources */,
				F60FE6001670FC9100071F11 /* TopViewController.m in Sources */,
			);
			runOnlyForDeploymentPostprocessing = 0;
		};
/* End PBXSourcesBuildPhase section */

/* Begin PBXVariantGroup section */
		F60FE5EF1670FC9100071F11 /* InfoPlist.strings */ = {
			isa = PBXVariantGroup;
			children = (
				F60FE5F01670FC9100071F11 /* en */,
			);
			name = InfoPlist.strings;
			sourceTree = "<group>";
		};
		F60FE6011670FC9100071F11 /* TopViewController.xib */ = {
			isa = PBXVariantGroup;
			children = (
				F60FE6021670FC9100071F11 /* en */,
			);
			name = TopViewController.xib;
			sourceTree = "<group>";
		};
/* End PBXVariantGroup section */

/* Begin XCBuildConfiguration section */
		F60FE6041670FC9100071F11 /* Debug */ = {
			isa = XCBuildConfiguration;
			buildSettings = {
				ALWAYS_SEARCH_USER_PATHS = NO;
				CLANG_CXX_LANGUAGE_STANDARD = "gnu++0x";
				CLANG_CXX_LIBRARY = "libc++";
				CLANG_WARN_EMPTY_BODY = YES;
				CLANG_WARN__DUPLICATE_METHOD_MATCH = YES;
				"CODE_SIGN_IDENTITY[sdk=iphoneos*]" = "iPhone Developer";
				COPY_PHASE_STRIP = NO;
				GCC_C_LANGUAGE_STANDARD = gnu99;
				GCC_DYNAMIC_NO_PIC = NO;
				GCC_OPTIMIZATION_LEVEL = 0;
				GCC_PREPROCESSOR_DEFINITIONS = (
					"DEBUG=1",
					"$(inherited)",
				);
				GCC_SYMBOLS_PRIVATE_EXTERN = NO;
				GCC_WARN_ABOUT_RETURN_TYPE = YES;
				GCC_WARN_UNINITIALIZED_AUTOS = YES;
				GCC_WARN_UNUSED_VARIABLE = YES;
				IPHONEOS_DEPLOYMENT_TARGET = 6.0;
				ONLY_ACTIVE_ARCH = YES;
				SDKROOT = iphoneos;
			};
			name = Debug;
		};
		F60FE6051670FC9100071F11 /* Release */ = {
			isa = XCBuildConfiguration;
			buildSettings = {
				ALWAYS_SEARCH_USER_PATHS = NO;
				CLANG_CXX_LANGUAGE_STANDARD = "gnu++0x";
				CLANG_CXX_LIBRARY = "libc++";
				CLANG_WARN_EMPTY_BODY = YES;
				CLANG_WARN__DUPLICATE_METHOD_MATCH = YES;
				"CODE_SIGN_IDENTITY[sdk=iphoneos*]" = "iPhone Developer";
				COPY_PHASE_STRIP = YES;
				GCC_C_LANGUAGE_STANDARD = gnu99;
				GCC_WARN_ABOUT_RETURN_TYPE = YES;
				GCC_WARN_UNINITIALIZED_AUTOS = YES;
				GCC_WARN_UNUSED_VARIABLE = YES;
				IPHONEOS_DEPLOYMENT_TARGET = 6.0;
				OTHER_CFLAGS = "-DNS_BLOCK_ASSERTIONS=1";
				SDKROOT = iphoneos;
				VALIDATE_PRODUCT = YES;
			};
			name = Release;
		};
		F60FE6071670FC9100071F11 /* Debug */ = {
			isa = XCBuildConfiguration;
			buildSettings = {
				GCC_PRECOMPILE_PREFIX_HEADER = YES;
				GCC_PREFIX_HEADER = "brigedemo/brigedemo-Prefix.pch";
				INFOPLIST_FILE = "brigedemo/brigedemo-Info.plist";
				LIBRARY_SEARCH_PATHS = (
					"$(inherited)",
					"\"$(SRCROOT)/brigedemo\"",
				);
				PRODUCT_NAME = "$(TARGET_NAME)";
				WRAPPER_EXTENSION = app;
			};
			name = Debug;
		};
		F60FE6081670FC9100071F11 /* Release */ = {
			isa = XCBuildConfiguration;
			buildSettings = {
				GCC_PRECOMPILE_PREFIX_HEADER = YES;
				GCC_PREFIX_HEADER = "brigedemo/brigedemo-Prefix.pch";
				INFOPLIST_FILE = "brigedemo/brigedemo-Info.plist";
				LIBRARY_SEARCH_PATHS = (
					"$(inherited)",
					"\"$(SRCROOT)/brigedemo\"",
				);
				PRODUCT_NAME = "$(TARGET_NAME)";
				WRAPPER_EXTENSION = app;
			};
			name = Release;
		};
/* End XCBuildConfiguration section */

/* Begin XCConfigurationList section */
		F60FE5DC1670FC9100071F11 /* Build configuration list for PBXProject "brigedemo" */ = {
			isa = XCConfigurationList;
			buildConfigurations = (
				F60FE6041670FC9100071F11 /* Debug */,
				F60FE6051670FC9100071F11 /* Release */,
			);
			defaultConfigurationIsVisible = 0;
			defaultConfigurationName = Release;
		};
		F60FE6061670FC9100071F11 /* Build configuration list for PBXNativeTarget "brigedemo" */ = {
			isa = XCConfigurationList;
			buildConfigurations = (
				F60FE6071670FC9100071F11 /* Debug */,
				F60FE6081670FC9100071F11 /* Release */,
			);
			defaultConfigurationIsVisible = 0;
			defaultConfigurationName = Release;
		};
/* End XCConfigurationList section */
	};
	rootObject = F60FE5D91670FC9100071F11 /* Project object */;
}
